PODS:
  - AFNetworking (1.3.1)
  - FormatterKit (1.1.2):
    - FormatterKit/AddressFormatter
    - FormatterKit/ArrayFormatter
    - FormatterKit/LocationFormatter
    - FormatterKit/OrdinalNumberFormatter
    - FormatterKit/TimeIntervalFormatter
    - FormatterKit/UnitOfInformationFormatter
    - FormatterKit/URLRequestFormatter
  - FormatterKit/AddressFormatter (1.1.2)
  - FormatterKit/ArrayFormatter (1.1.2)
  - FormatterKit/LocationFormatter (1.1.2)
  - FormatterKit/OrdinalNumberFormatter (1.1.2)
  - FormatterKit/TimeIntervalFormatter (1.1.2)
  - FormatterKit/UnitOfInformationFormatter (1.1.2)
  - FormatterKit/URLRequestFormatter (1.1.2)
  - libextobjc/EXTKeyPathCoding (0.2.5):
    - libextobjc/RuntimeExtensions
  - libextobjc/EXTScope (0.2.5):
    - libextobjc/RuntimeExtensions
  - libextobjc/RuntimeExtensions (0.2.5)
  - libwebp (0.3.0-rc7):
    - libwebp/dec
    - libwebp/dsp
    - libwebp/utils
    - libwebp/webp
  - libwebp/dec (0.3.0-rc7)
  - libwebp/dsp (0.3.0-rc7)
  - libwebp/utils (0.3.0-rc7)
  - libwebp/webp (0.3.0-rc7)
  - Mantle (1.1):
    - libextobjc/EXTKeyPathCoding
    - libextobjc/EXTScope
  - SDWebImage (3.3):
    - libwebp
    - SDWebImage/MapKit
  - SDWebImage/MapKit (3.3):
    - libwebp

DEPENDENCIES:
  - AFNetworking (~> 1.3.1)
  - FormatterKit (~> 1.1.2)
  - Mantle (~> 1.1)
  - SDWebImage (~> 3.3)

SPEC CHECKSUMS:
  AFNetworking: 9ec8aafb9269236a7630bd8d9838ce2ba30fa2a0
  FormatterKit: bb53f3de30773e6b06f91dee1f82b46f536278d7
  libextobjc: 2cbc74caf8bdc74a86fdf24673f773c83424ea98
  libwebp: 40517fa1fd3716eded73b4696c45fc0b66e4b414
  Mantle: aba2facc6ee8f97512a94768dc57c82b7802948c
  SDWebImage: 79a8bac9ccf85b269100b294f7b43684dab8bf8a

COCOAPODS: 0.19.1
